
Microsoft Visual Studio Solution File, Format Version 12.00
# Visual Studio Version 17
VisualStudioVersion = 17.0.32112.339
MinimumVisualStudioVersion = 10.0.40219.1
Project("{FAE04EC0-301F-11D3-BF4B-00C04F79EFBC}") = "RealTimeHR", "RealTimeHR\RealTimeHR\RealTimeHR.csproj", "{5FED3600-1304-4CB5-9E37-6DAE154BE431}"
EndProject
Global
	GlobalSection(SolutionConfigurationPlatforms) = preSolution
		Debug|Any CPU = Debug|Any CPU
		Release|Any CPU = Release|Any CPU
	EndGlobalSection
	GlobalSection(ProjectConfigurationPlatforms) = postSolution
		{5FED3600-1304-4CB5-9E37-6DAE154BE431}.Debug|Any CPU.ActiveCfg = Debug|Any CPU
		{5FED3600-1304-4CB5-9E37-6DAE154BE431}.Debug|Any CPU.Build.0 = Debug|Any CPU
		{5FED3600-1304-4CB5-9E37-6DAE154BE431}.Debug|Any CPU.Deploy.0 = Debug|Any CPU
		{5FED3600-1304-4CB5-9E37-6DAE154BE431}.Release|Any CPU.ActiveCfg = Release|Any CPU
		{5FED3600-1304-4CB5-9E37-6DAE154BE431}.Release|Any CPU.Build.0 = Release|Any CPU
		{5FED3600-1304-4CB5-9E37-6DAE154BE431}.Release|Any CPU.Deploy.0 = Release|Any CPU
	EndGlobalSection
	GlobalSection(SolutionProperties) = preSolution
		HideSolutionNode = FALSE
	EndGlobalSection
	GlobalSection(ExtensibilityGlobals) = postSolution
		SolutionGuid = {9AE39C4C-210A-4391-B38D-A6DD68C67B63}
	EndGlobalSection
EndGlobal
