
Microsoft Visual Studio Solution File, Format Version 12.00
# Visual Studio Version 16
VisualStudioVersion = 16.0.31424.327
MinimumVisualStudioVersion = 10.0.40219.1
Project("{FAE04EC0-301F-11D3-BF4B-00C04F79EFBC}") = "RealTimeHR", "RealTimeHR\RealTimeHR\RealTimeHR.csproj", "{DB34F4BA-3AE0-402D-B048-CFC871C25D93}"
EndProject
Global
	GlobalSection(SolutionConfigurationPlatforms) = preSolution
		Debug|Any CPU = Debug|Any CPU
		Release|Any CPU = Release|Any CPU
	EndGlobalSection
	GlobalSection(ProjectConfigurationPlatforms) = postSolution
		{DB34F4BA-3AE0-402D-B048-CFC871C25D93}.Debug|Any CPU.ActiveCfg = Debug|Any CPU
		{DB34F4BA-3AE0-402D-B048-CFC871C25D93}.Debug|Any CPU.Build.0 = Debug|Any CPU
		{DB34F4BA-3AE0-402D-B048-CFC871C25D93}.Debug|Any CPU.Deploy.0 = Debug|Any CPU
		{DB34F4BA-3AE0-402D-B048-CFC871C25D93}.Release|Any CPU.ActiveCfg = Release|Any CPU
		{DB34F4BA-3AE0-402D-B048-CFC871C25D93}.Release|Any CPU.Build.0 = Release|Any CPU
		{DB34F4BA-3AE0-402D-B048-CFC871C25D93}.Release|Any CPU.Deploy.0 = Release|Any CPU
	EndGlobalSection
	GlobalSection(SolutionProperties) = preSolution
		HideSolutionNode = FALSE
	EndGlobalSection
	GlobalSection(ExtensibilityGlobals) = postSolution
		SolutionGuid = {0DFB8FF2-9F2F-4F82-9DFD-EE56A161FFD9}
	EndGlobalSection
EndGlobal
